
Microsoft Visual Studio Solution File, Format Version 12.00
# Visual Studio Version 17
VisualStudioVersion = 17.2.32602.215
MinimumVisualStudioVersion = 10.0.40219.1
Project("{FAE04EC0-301F-11D3-BF4B-00C04F79EFBC}") = "FizzBuzz", "FizzBuzz\FizzBuzz.csproj", "{AD659357-E4BC-4978-9419-18BE7EB32683}"
EndProject
Global
	GlobalSection(SolutionConfigurationPlatforms) = preSolution
		Debug|Any CPU = Debug|Any CPU
		Release|Any CPU = Release|Any CPU
	EndGlobalSection
	GlobalSection(ProjectConfigurationPlatforms) = postSolution
		{AD659357-E4BC-4978-9419-18BE7EB32683}.Debug|Any CPU.ActiveCfg = Debug|Any CPU
		{AD659357-E4BC-4978-9419-18BE7EB32683}.Debug|Any CPU.Build.0 = Debug|Any CPU
		{AD659357-E4BC-4978-9419-18BE7EB32683}.Release|Any CPU.ActiveCfg = Release|Any CPU
		{AD659357-E4BC-4978-9419-18BE7EB32683}.Release|Any CPU.Build.0 = Release|Any CPU
	EndGlobalSection
	GlobalSection(SolutionProperties) = preSolution
		HideSolutionNode = FALSE
	EndGlobalSection
	GlobalSection(ExtensibilityGlobals) = postSolution
		SolutionGuid = {4985A332-2B0B-4D99-B05D-5303D1282F70}
	EndGlobalSection
EndGlobal
